<?xml version="1.0" encoding="UTF-8"?>
<CONFIG>
  <ProjectOptions>
    <Version Value="10"/>
    <PathDelim Value="\"/>
    <General>
      <Flags>
        <SaveClosedFiles Value="False"/>
        <MainUnitHasUsesSectionForAllUnits Value="False"/>
      </Flags>
      <SessionStorage Value="InProjectDir"/>
      <MainUnit Value="0"/>
      <AutoCreateForms Value="False"/>
      <Title Value="VCMI Editor"/>
      <UseAppBundle Value="False"/>
      <ResourceType Value="res"/>
      <UseXPManifest Value="True"/>
      <Icon Value="0"/>
      <Resources Count="2">
        <Resource_0 FileName="shaders/default_v.glsl" Type="RCDATA" ResourceName="DEFAULT_VERTEX_SHADER"/>
        <Resource_1 FileName="shaders/default_f.glsl" Type="RCDATA" ResourceName="DEFAULT_FRAGMENT_SHADER"/>
      </Resources>
    </General>
    <i18n>
      <EnableI18N LFM="False"/>
    </i18n>
    <VersionInfo>
      <UseVersionInfo Value="True"/>
      <AutoIncrementBuild Value="True"/>
      <MinorVersionNr Value="1"/>
      <RevisionNr Value="9"/>
      <BuildNr Value="125"/>
      <Attributes pvaPreRelease="True"/>
      <StringTable OriginalFilename="vcmieditor.exe" ProductName="VCMI" ProductVersion="0.99"/>
    </VersionInfo>
    <BuildModes Count="6">
      <Item1 Name="Debug" Default="True"/>
      <Item2 Name="Release">
        <CompilerOptions>
          <Version Value="11"/>
          <PathDelim Value="\"/>
          <Target>
            <Filename Value="bin\vcmieditor"/>
          </Target>
          <SearchPaths>
            <IncludeFiles Value="$(ProjOutDir)"/>
            <OtherUnitFiles Value="forms;3rd_party;forms\subframes"/>
            <UnitOutputDirectory Value="units\$(TargetCPU)-$(TargetOS)-$(LCLWidgetType)-$(BuildMode)"/>
          </SearchPaths>
          <CodeGeneration>
            <SmartLinkUnit Value="True"/>
            <Optimizations>
              <OptimizationLevel Value="3"/>
            </Optimizations>
          </CodeGeneration>
          <Linking>
            <Debugging>
              <GenerateDebugInfo Value="False"/>
              <StripSymbols Value="True"/>
            </Debugging>
            <LinkSmart Value="True"/>
            <Options>
              <Win32>
                <GraphicApplication Value="True"/>
              </Win32>
            </Options>
          </Linking>
        </CompilerOptions>
      </Item2>
      <Item3 Name="Profile">
        <CompilerOptions>
          <Version Value="11"/>
          <PathDelim Value="\"/>
          <Target>
            <Filename Value="bin\vcmieditor_d"/>
          </Target>
          <SearchPaths>
            <IncludeFiles Value="$(ProjOutDir)"/>
            <OtherUnitFiles Value="forms;3rd_party;forms\subframes"/>
            <UnitOutputDirectory Value="units\$(TargetCPU)-$(TargetOS)-$(LCLWidgetType)-$(BuildMode)"/>
          </SearchPaths>
          <CodeGeneration>
            <Optimizations>
              <OptimizationLevel Value="3"/>
            </Optimizations>
          </CodeGeneration>
          <Linking>
            <Debugging>
              <UseValgrind Value="True"/>
            </Debugging>
            <Options>
              <Win32>
                <GraphicApplication Value="True"/>
              </Win32>
            </Options>
          </Linking>
          <Other>
            <Verbosity>
              <ShowNotes Value="False"/>
              <ShowHints Value="False"/>
              <ShoLineNum Value="True"/>
            </Verbosity>
          </Other>
        </CompilerOptions>
      </Item3>
      <Item4 Name="ReleaseWin64">
        <CompilerOptions>
          <Version Value="11"/>
          <PathDelim Value="\"/>
          <Target>
            <Filename Value="bin64\vcmieditor"/>
          </Target>
          <SearchPaths>
            <IncludeFiles Value="$(ProjOutDir)"/>
            <OtherUnitFiles Value="forms;3rd_party;forms\subframes"/>
            <UnitOutputDirectory Value="units\$(TargetCPU)-$(TargetOS)-$(LCLWidgetType)-$(BuildMode)"/>
          </SearchPaths>
          <Parsing>
            <SyntaxOptions>
              <IncludeAssertionCode Value="True"/>
            </SyntaxOptions>
          </Parsing>
          <CodeGeneration>
            <SmartLinkUnit Value="True"/>
            <Checks>
              <IOChecks Value="True"/>
            </Checks>
            <TargetCPU Value="x86_64"/>
            <TargetOS Value="win64"/>
            <Optimizations>
              <OptimizationLevel Value="3"/>
            </Optimizations>
          </CodeGeneration>
          <Linking>
            <Debugging>
              <GenerateDebugInfo Value="False"/>
            </Debugging>
            <LinkSmart Value="True"/>
            <Options>
              <Win32>
                <GraphicApplication Value="True"/>
              </Win32>
            </Options>
          </Linking>
          <Other>
            <Verbosity>
              <ShowHints Value="False"/>
              <ShoLineNum Value="True"/>
            </Verbosity>
            <ConfigFile>
              <StopAfterErrCount Value="10"/>
            </ConfigFile>
          </Other>
        </CompilerOptions>
      </Item4>
      <Item5 Name="DebugWin64">
        <CompilerOptions>
          <Version Value="11"/>
          <PathDelim Value="\"/>
          <Target>
            <Filename Value="bin64\vcmieditor_d"/>
          </Target>
          <SearchPaths>
            <IncludeFiles Value="$(ProjOutDir)"/>
            <OtherUnitFiles Value="forms;3rd_party;forms\subframes"/>
            <UnitOutputDirectory Value="units\$(TargetCPU)-$(TargetOS)-$(LCLWidgetType)-$(BuildMode)"/>
          </SearchPaths>
          <Parsing>
            <SyntaxOptions>
              <IncludeAssertionCode Value="True"/>
            </SyntaxOptions>
          </Parsing>
          <CodeGeneration>
            <Checks>
              <IOChecks Value="True"/>
              <RangeChecks Value="True"/>
              <OverflowChecks Value="True"/>
            </Checks>
            <TargetCPU Value="x86_64"/>
            <TargetOS Value="win64"/>
          </CodeGeneration>
          <Linking>
            <Debugging>
              <DebugInfoType Value="dsDwarf2"/>
              <UseHeaptrc Value="True"/>
            </Debugging>
            <Options>
              <Win32>
                <GraphicApplication Value="True"/>
              </Win32>
            </Options>
          </Linking>
          <Other>
            <Verbosity>
              <ShowHints Value="False"/>
              <ShoLineNum Value="True"/>
            </Verbosity>
            <ConfigFile>
              <StopAfterErrCount Value="10"/>
            </ConfigFile>
          </Other>
        </CompilerOptions>
      </Item5>
      <Item6 Name="RD">
        <CompilerOptions>
          <Version Value="11"/>
          <PathDelim Value="\"/>
          <Target>
            <Filename Value="bin\vcmieditor"/>
          </Target>
          <SearchPaths>
            <IncludeFiles Value="$(ProjOutDir)"/>
            <OtherUnitFiles Value="forms;3rd_party;forms\subframes"/>
            <UnitOutputDirectory Value="units\$(TargetCPU)-$(TargetOS)-$(LCLWidgetType)-$(BuildMode)"/>
          </SearchPaths>
          <Parsing>
            <SyntaxOptions>
              <IncludeAssertionCode Value="True"/>
            </SyntaxOptions>
          </Parsing>
          <CodeGeneration>
            <SmartLinkUnit Value="True"/>
            <Optimizations>
              <OptimizationLevel Value="3"/>
            </Optimizations>
          </CodeGeneration>
          <Linking>
            <LinkSmart Value="True"/>
            <Options>
              <Win32>
                <GraphicApplication Value="True"/>
              </Win32>
            </Options>
          </Linking>
        </CompilerOptions>
      </Item6>
      <SharedMatrixOptions Count="3">
        <Item1 ID="127405509966" Targets="#project" Modes="DebugWin64,Debug" Value="-dDEBUG"/>
        <Item2 ID="440454387983" Targets="#project" Modes="Release,ReleaseWin64" Value="-dRELEASE"/>
        <Item3 ID="578114123011" Targets="#project" Modes="Debug,Release,Profile,ReleaseWin64,DebugWin64" Value="-vm5024"/>
      </SharedMatrixOptions>
    </BuildModes>
    <PublishOptions>
      <Version Value="2"/>
      <IncludeFileFilter Value="*.(pas|pp|inc|lfm|lpr|lrs|lpi|lpk|sh|xml)"/>
      <ExcludeFileFilter Value="*.(bak|ppu|o|so);*~;backup"/>
    </PublishOptions>
    <RunParams>
      <local>
        <FormatVersion Value="1"/>
        <CommandLineParams Value="ObjectPropertyTest_v1.h3m"/>
        <WorkingDirectory Value="$Path($(TargetFile))"/>
      </local>
      <environment>
        <UserOverrides Count="2">
          <Variable0 Name="MESA_GL_VERSION_OVERRIDE" Value="3.3"/>
          <Variable1 Name="MESA_GLSL_VERSION_OVERRIDE" Value="330"/>
        </UserOverrides>
      </environment>
    </RunParams>
    <RequiredPackages Count="3">
      <Item1>
        <PackageName Value="SynEdit"/>
      </Item1>
      <Item2>
        <PackageName Value="LazOpenGLContext"/>
      </Item2>
      <Item3>
        <PackageName Value="LCL"/>
      </Item3>
    </RequiredPackages>
    <Units Count="96">
      <Unit0>
        <Filename Value="vcmieditor.lpr"/>
        <IsPartOfProject Value="True"/>
      </Unit0>
      <Unit1>
        <Filename Value="main.pas"/>
        <IsPartOfProject Value="True"/>
        <ComponentName Value="fMain"/>
        <HasResources Value="True"/>
        <ResourceBaseClass Value="Form"/>
      </Unit1>
      <Unit2>
        <Filename Value="lod.pas"/>
        <IsPartOfProject Value="True"/>
      </Unit2>
      <Unit3>
        <Filename Value="editor_graphics.pas"/>
        <IsPartOfProject Value="True"/>
      </Unit3>
      <Unit4>
        <Filename Value="map.pas"/>
        <IsPartOfProject Value="True"/>
        <UnitName Value="Map"/>
      </Unit4>
      <Unit5>
        <Filename Value="editor_types.pas"/>
        <IsPartOfProject Value="True"/>
      </Unit5>
      <Unit6>
        <Filename Value="terrain.pas"/>
        <IsPartOfProject Value="True"/>
      </Unit6>
      <Unit7>
        <Filename Value="undo_base.pas"/>
        <IsPartOfProject Value="True"/>
      </Unit7>
      <Unit8>
        <Filename Value="undo_map.pas"/>
        <IsPartOfProject Value="True"/>
      </Unit8>
      <Unit9>
        <Filename Value="map_actions.pas"/>
        <IsPartOfProject Value="True"/>
      </Unit9>
      <Unit10>
        <Filename Value="zlib_stream.pas"/>
        <IsPartOfProject Value="True"/>
      </Unit10>
      <Unit11>
        <Filename Value="map_objects.pas"/>
        <IsPartOfProject Value="True"/>
      </Unit11>
      <Unit12>
        <Filename Value="forms\new_map.pas"/>
        <IsPartOfProject Value="True"/>
        <ComponentName Value="NewMapForm"/>
        <HasResources Value="True"/>
        <ResourceBaseClass Value="Form"/>
      </Unit12>
      <Unit13>
        <Filename Value="minimap.pas"/>
        <IsPartOfProject Value="True"/>
      </Unit13>
      <Unit14>
        <Filename Value="filesystem_base.pas"/>
        <IsPartOfProject Value="True"/>
      </Unit14>
      <Unit15>
        <Filename Value="filesystem.pas"/>
        <IsPartOfProject Value="True"/>
      </Unit15>
      <Unit16>
        <Filename Value="vcmi_json.pas"/>
        <IsPartOfProject Value="True"/>
      </Unit16>
      <Unit17>
        <Filename Value="editor_utils.pas"/>
        <IsPartOfProject Value="True"/>
      </Unit17>
      <Unit18>
        <Filename Value="map_format.pas"/>
        <IsPartOfProject Value="True"/>
      </Unit18>
      <Unit19>
        <Filename Value="map_format_h3m.pas"/>
        <IsPartOfProject Value="True"/>
      </Unit19>
      <Unit20>
        <Filename Value="stream_adapter.pas"/>
        <IsPartOfProject Value="True"/>
      </Unit20>
      <Unit21>
        <Filename Value="editor_str_consts.pas"/>
        <IsPartOfProject Value="True"/>
      </Unit21>
      <Unit22>
        <Filename Value="forms\edit_map_options.pas"/>
        <IsPartOfProject Value="True"/>
        <ComponentName Value="MapOptionsForm"/>
        <HasResources Value="True"/>
        <ResourceBaseClass Value="Form"/>
      </Unit22>
      <Unit23>
        <Filename Value="3rd_party\vcmi_fpjsonrtti.pas"/>
        <IsPartOfProject Value="True"/>
      </Unit23>
      <Unit24>
        <Filename Value="editor_classes.pas"/>
        <IsPartOfProject Value="True"/>
      </Unit24>
      <Unit25>
        <Filename Value="editor_consts.pas"/>
        <IsPartOfProject Value="True"/>
      </Unit25>
      <Unit26>
        <Filename Value="root_manager.pas"/>
        <IsPartOfProject Value="True"/>
        <ComponentName Value="RootManager"/>
        <HasResources Value="True"/>
        <ResourceBaseClass Value="DataModule"/>
      </Unit26>
      <Unit27>
        <Filename Value="progress_form.pas"/>
        <IsPartOfProject Value="True"/>
        <ComponentName Value="ProgressForm"/>
        <HasResources Value="True"/>
        <ResourceBaseClass Value="Form"/>
      </Unit27>
      <Unit28>
        <Filename Value="editor_gl.pas"/>
        <IsPartOfProject Value="True"/>
      </Unit28>
      <Unit29>
        <Filename Value="object_options.pas"/>
        <IsPartOfProject Value="True"/>
      </Unit29>
      <Unit30>
        <Filename Value="forms\edit_object_options.pas"/>
        <IsPartOfProject Value="True"/>
        <ComponentName Value="EditObjectOptions"/>
        <HasResources Value="True"/>
        <ResourceBaseClass Value="Form"/>
      </Unit30>
      <Unit31>
        <Filename Value="forms\base_options_frame.pas"/>
        <IsPartOfProject Value="True"/>
        <ComponentName Value="BaseOptionsFrame"/>
        <HasResources Value="True"/>
        <ResourceBaseClass Value="Frame"/>
      </Unit31>
      <Unit32>
        <Filename Value="forms\grail_frame.pas"/>
        <IsPartOfProject Value="True"/>
        <ComponentName Value="GrailFrame"/>
        <HasResources Value="True"/>
        <ResourceBaseClass Value="Frame"/>
      </Unit32>
      <Unit33>
        <Filename Value="forms\flaggable_object_frame.pas"/>
        <IsPartOfProject Value="True"/>
        <ComponentName Value="FlaggableFrame"/>
        <HasResources Value="True"/>
        <ResourceBaseClass Value="Frame"/>
      </Unit33>
      <Unit34>
        <Filename Value="lists_manager.pas"/>
        <IsPartOfProject Value="True"/>
      </Unit34>
      <Unit35>
        <Filename Value="forms\witchhut_frame.pas"/>
        <IsPartOfProject Value="True"/>
        <ComponentName Value="WitchHutFrame"/>
        <HasResources Value="True"/>
        <ResourceBaseClass Value="Frame"/>
      </Unit35>
      <Unit36>
        <Filename Value="h3_txt.pas"/>
        <IsPartOfProject Value="True"/>
      </Unit36>
      <Unit37>
        <Filename Value="forms\gui_helpers.pas"/>
        <IsPartOfProject Value="True"/>
      </Unit37>
      <Unit38>
        <Filename Value="forms\shrine_frame.pas"/>
        <IsPartOfProject Value="True"/>
        <ComponentName Value="ShrineFrame"/>
        <HasResources Value="True"/>
        <ResourceBaseClass Value="Frame"/>
      </Unit38>
      <Unit39>
        <Filename Value="forms\spellscroll_frame.pas"/>
        <IsPartOfProject Value="True"/>
        <ComponentName Value="SpellScrollFrame"/>
        <HasResources Value="True"/>
        <ResourceBaseClass Value="Frame"/>
      </Unit39>
      <Unit40>
        <Filename Value="3rd_party\glext40.pas"/>
        <IsPartOfProject Value="True"/>
      </Unit40>
      <Unit41>
        <Filename Value="root_form.pas"/>
        <IsPartOfProject Value="True"/>
        <ComponentName Value="RootForm"/>
        <HasResources Value="True"/>
        <ResourceBaseClass Value="Form"/>
      </Unit41>
      <Unit42>
        <Filename Value="forms\dwelling_frame.pas"/>
        <IsPartOfProject Value="True"/>
        <ComponentName Value="DwellingFrame"/>
        <HasResources Value="True"/>
        <ResourceBaseClass Value="Frame"/>
      </Unit42>
      <Unit43>
        <Filename Value="map_format_zip.pas"/>
        <IsPartOfProject Value="True"/>
      </Unit43>
      <Unit44>
        <Filename Value="map_format_json.pas"/>
        <IsPartOfProject Value="True"/>
      </Unit44>
      <Unit45>
        <Filename Value="map_terrain_actions.pas"/>
        <IsPartOfProject Value="True"/>
      </Unit45>
      <Unit46>
        <Filename Value="map_road_river_actions.pas"/>
        <IsPartOfProject Value="True"/>
      </Unit46>
      <Unit47>
        <Filename Value="map_object_actions.pas"/>
        <IsPartOfProject Value="True"/>
      </Unit47>
      <Unit48>
        <Filename Value="road_transitions.pas"/>
        <IsPartOfProject Value="True"/>
      </Unit48>
      <Unit49>
        <Filename Value="transitions.pas"/>
        <IsPartOfProject Value="True"/>
      </Unit49>
      <Unit50>
        <Filename Value="base_info.pas"/>
        <IsPartOfProject Value="True"/>
      </Unit50>
      <Unit51>
        <Filename Value="forms\creature_frame.pas"/>
        <IsPartOfProject Value="True"/>
        <ComponentName Value="CreatureFrame"/>
        <HasResources Value="True"/>
        <ResourceBaseClass Value="Frame"/>
      </Unit51>
      <Unit52>
        <Filename Value="forms\subframes\object_link_frame.pas"/>
        <IsPartOfProject Value="True"/>
        <ComponentName Value="ObjectLinkFrame"/>
        <HasResources Value="True"/>
        <ResourceBaseClass Value="Frame"/>
      </Unit52>
      <Unit53>
        <Filename Value="logical_id_condition.pas"/>
        <IsPartOfProject Value="True"/>
      </Unit53>
      <Unit54>
        <Filename Value="logical_event_condition.pas"/>
        <IsPartOfProject Value="True"/>
      </Unit54>
      <Unit55>
        <Filename Value="logical_expression.pas"/>
        <IsPartOfProject Value="True"/>
      </Unit55>
      <Unit56>
        <Filename Value="forms\abandoned_frame.pas"/>
        <IsPartOfProject Value="True"/>
        <ComponentName Value="AbandonedFrame"/>
        <HasResources Value="True"/>
        <ResourceBaseClass Value="Frame"/>
      </Unit56>
      <Unit57>
        <Filename Value="forms\scholar_frame.pas"/>
        <IsPartOfProject Value="True"/>
        <ComponentName Value="ScholarFrame"/>
        <HasResources Value="True"/>
        <ResourceBaseClass Value="Frame"/>
      </Unit57>
      <Unit58>
        <Filename Value="forms\creature_set_frame.pas"/>
        <IsPartOfProject Value="True"/>
        <ComponentName Value="CreatureSetFrame"/>
        <HasResources Value="True"/>
        <ResourceBaseClass Value="Frame"/>
      </Unit58>
      <Unit59>
        <Filename Value="forms\resource_frame.pas"/>
        <IsPartOfProject Value="True"/>
        <ComponentName Value="ResourceFrame"/>
        <HasResources Value="True"/>
        <ResourceBaseClass Value="Frame"/>
      </Unit59>
      <Unit60>
        <Filename Value="forms\local_event_frame.pas"/>
        <IsPartOfProject Value="True"/>
        <ComponentName Value="LocalEventFrame"/>
        <HasResources Value="True"/>
        <ResourceBaseClass Value="Frame"/>
      </Unit60>
      <Unit61>
        <Filename Value="forms\hero_frame.pas"/>
        <IsPartOfProject Value="True"/>
        <ComponentName Value="HeroFrame"/>
        <HasResources Value="True"/>
        <ResourceBaseClass Value="Frame"/>
      </Unit61>
      <Unit62>
        <Filename Value="editor_rtti.pas"/>
        <IsPartOfProject Value="True"/>
      </Unit62>
      <Unit63>
        <Filename Value="forms\hero_artifacts_frame.pas"/>
        <IsPartOfProject Value="True"/>
        <ComponentName Value="HeroArtifactsFrame"/>
        <HasResources Value="True"/>
        <ResourceBaseClass Value="Frame"/>
      </Unit63>
      <Unit64>
        <Filename Value="forms\message_frame.pas"/>
        <IsPartOfProject Value="True"/>
        <ComponentName Value="MessageFrame"/>
        <HasResources Value="True"/>
        <ResourceBaseClass Value="Frame"/>
      </Unit64>
      <Unit65>
        <Filename Value="forms\edit_hero_options.pas"/>
        <IsPartOfProject Value="True"/>
        <ComponentName Value="EditHeroOptions"/>
        <HasResources Value="True"/>
        <ResourceBaseClass Value="Form"/>
      </Unit65>
      <Unit66>
        <Filename Value="forms\player_options_form.pas"/>
        <IsPartOfProject Value="True"/>
        <ComponentName Value="PlayerOptionsForm"/>
        <HasResources Value="True"/>
        <ResourceBaseClass Value="Form"/>
      </Unit66>
      <Unit67>
        <Filename Value="forms\player_options_frame.pas"/>
        <IsPartOfProject Value="True"/>
        <ComponentName Value="PlayerOptionsFrame"/>
        <HasResources Value="True"/>
        <ResourceBaseClass Value="Frame"/>
      </Unit67>
      <Unit68>
        <Filename Value="forms\position.pas"/>
        <IsPartOfProject Value="True"/>
      </Unit68>
      <Unit69>
        <Filename Value="forms\hero_spells_frame.pas"/>
        <IsPartOfProject Value="True"/>
        <ComponentName Value="HeroSpellsFrame"/>
        <HasResources Value="True"/>
        <ResourceBaseClass Value="Frame"/>
      </Unit69>
      <Unit70>
        <Filename Value="forms\hero_skills_frame.pas"/>
        <IsPartOfProject Value="True"/>
        <ComponentName Value="HeroSkillsFrame"/>
        <HasResources Value="True"/>
        <ResourceBaseClass Value="Frame"/>
      </Unit70>
      <Unit71>
        <Filename Value="forms\town_frame.pas"/>
        <IsPartOfProject Value="True"/>
        <ComponentName Value="TownOptionsFrame"/>
        <HasResources Value="True"/>
        <ResourceBaseClass Value="Frame"/>
      </Unit71>
      <Unit72>
        <Filename Value="forms\town_buildings_frame.pas"/>
        <IsPartOfProject Value="True"/>
        <ComponentName Value="TownBuildingsFrame"/>
        <HasResources Value="True"/>
        <ResourceBaseClass Value="Frame"/>
      </Unit72>
      <Unit73>
        <Filename Value="zipper_ex.pas"/>
        <IsPartOfProject Value="True"/>
      </Unit73>
      <Unit74>
        <Filename Value="forms\edit_triggered_events.pas"/>
        <IsPartOfProject Value="True"/>
        <ComponentName Value="TriggeredEventsForm"/>
        <HasResources Value="True"/>
        <ResourceBaseClass Value="Form"/>
      </Unit74>
      <Unit75>
        <Filename Value="locale_manager.pas"/>
        <IsPartOfProject Value="True"/>
      </Unit75>
      <Unit76>
        <Filename Value="forms\player_selection_form.pas"/>
        <IsPartOfProject Value="True"/>
        <ComponentName Value="PlayerSelectionForm"/>
        <HasResources Value="True"/>
        <ResourceBaseClass Value="Form"/>
      </Unit76>
      <Unit77>
        <Filename Value="map_rect.pas"/>
        <IsPartOfProject Value="True"/>
      </Unit77>
      <Unit78>
        <Filename Value="forms\town_spells_frame.pas"/>
        <IsPartOfProject Value="True"/>
        <ComponentName Value="TownSpellsFrame"/>
        <HasResources Value="True"/>
        <ResourceBaseClass Value="Frame"/>
      </Unit78>
      <Unit79>
        <Filename Value="logical_building_condition.pas"/>
        <IsPartOfProject Value="True"/>
      </Unit79>
      <Unit80>
        <Filename Value="forms\quest_frame.pas"/>
        <IsPartOfProject Value="True"/>
        <ComponentName Value="QuestFrame"/>
        <HasResources Value="True"/>
        <ResourceBaseClass Value="Frame"/>
      </Unit80>
      <Unit81>
        <Filename Value="forms\reward_frame.pas"/>
        <IsPartOfProject Value="True"/>
        <ComponentName Value="RewardFrame"/>
        <HasResources Value="True"/>
        <ResourceBaseClass Value="Frame"/>
      </Unit81>
      <Unit82>
        <Filename Value="field_editors.pas"/>
        <IsPartOfProject Value="True"/>
      </Unit82>
      <Unit83>
        <Filename Value="shaders\default_v.glsl"/>
        <IsPartOfProject Value="True"/>
      </Unit83>
      <Unit84>
        <Filename Value="shaders\default_f.glsl"/>
        <IsPartOfProject Value="True"/>
      </Unit84>
      <Unit85>
        <Filename Value="3rd_party\vcmi_csvdocument.pp"/>
        <IsPartOfProject Value="True"/>
      </Unit85>
      <Unit86>
        <Filename Value="3rd_party\vcmi_csvreadwrite.pp"/>
        <IsPartOfProject Value="True"/>
      </Unit86>
      <Unit87>
        <Filename Value="vcmi.dirs.base.pas"/>
        <IsPartOfProject Value="True"/>
      </Unit87>
      <Unit88>
        <Filename Value="vcmi.dirs.windows.pas"/>
        <IsPartOfProject Value="True"/>
      </Unit88>
      <Unit89>
        <Filename Value="vcmi.dirs.xdg.pas"/>
        <IsPartOfProject Value="True"/>
      </Unit89>
      <Unit90>
        <Filename Value="vcmi.image_loaders.pas"/>
        <IsPartOfProject Value="True"/>
      </Unit90>
      <Unit91>
        <Filename Value="vcmi.image_formats.h3pcx.pas"/>
        <IsPartOfProject Value="True"/>
      </Unit91>
      <Unit92>
        <Filename Value="search_index.pas"/>
        <IsPartOfProject Value="True"/>
      </Unit92>
      <Unit93>
        <Filename Value="vcmi.frames.tools.pas"/>
        <IsPartOfProject Value="True"/>
        <ComponentName Value="ToolsFrame"/>
        <HasResources Value="True"/>
        <ResourceBaseClass Value="Frame"/>
      </Unit93>
      <Unit94>
        <Filename Value="forms\subframes\triggered_event_frame.pas"/>
        <IsPartOfProject Value="True"/>
        <ComponentName Value="TriggeredEventFrame"/>
        <HasResources Value="True"/>
        <ResourceBaseClass Value="Frame"/>
      </Unit94>
      <Unit95>
        <Filename Value="map_erase_actions.pas"/>
        <IsPartOfProject Value="True"/>
      </Unit95>
    </Units>
  </ProjectOptions>
  <CompilerOptions>
    <Version Value="11"/>
    <PathDelim Value="\"/>
    <Target>
      <Filename Value="bin\vcmieditor_d"/>
    </Target>
    <SearchPaths>
      <IncludeFiles Value="$(ProjOutDir)"/>
      <OtherUnitFiles Value="forms;3rd_party;forms\subframes"/>
      <UnitOutputDirectory Value="units\$(TargetCPU)-$(TargetOS)-$(LCLWidgetType)-$(BuildMode)"/>
    </SearchPaths>
    <Parsing>
      <SyntaxOptions>
        <IncludeAssertionCode Value="True"/>
      </SyntaxOptions>
    </Parsing>
    <CodeGeneration>
      <Checks>
        <IOChecks Value="True"/>
        <RangeChecks Value="True"/>
        <OverflowChecks Value="True"/>
      </Checks>
    </CodeGeneration>
    <Linking>
      <Debugging>
        <UseHeaptrc Value="True"/>
      </Debugging>
      <Options>
        <Win32>
          <GraphicApplication Value="True"/>
        </Win32>
      </Options>
    </Linking>
    <Other>
      <Verbosity>
        <ShowHints Value="False"/>
        <ShoLineNum Value="True"/>
      </Verbosity>
      <ConfigFile>
        <StopAfterErrCount Value="10"/>
      </ConfigFile>
    </Other>
  </CompilerOptions>
  <Debugging>
    <Exceptions Count="4">
      <Item1>
        <Name Value="EAbort"/>
      </Item1>
      <Item2>
        <Name Value="ECodetoolError"/>
      </Item2>
      <Item3>
        <Name Value="EFOpenError"/>
      </Item3>
      <Item4>
        <Name Value="EJSONParser"/>
      </Item4>
    </Exceptions>
  </Debugging>
</CONFIG>
